
Microsoft Visual Studio Solution File, Format Version 12.00
# Visual Studio Version 16
VisualStudioVersion = 16.0.29911.84
MinimumVisualStudioVersion = 10.0.40219.1
Project("{FAE04EC0-301F-11D3-BF4B-00C04F79EFBC}") = "mendel game", "mendel game.csproj", "{7AA49D31-A4E5-4223-84D3-19AEE4D908BC}"
EndProject
Global
	GlobalSection(SolutionConfigurationPlatforms) = preSolution
		Debug|Any CPU = Debug|Any CPU
		Release|Any CPU = Release|Any CPU
	EndGlobalSection
	GlobalSection(ProjectConfigurationPlatforms) = postSolution
		{7AA49D31-A4E5-4223-84D3-19AEE4D908BC}.Debug|Any CPU.ActiveCfg = Debug|Any CPU
		{7AA49D31-A4E5-4223-84D3-19AEE4D908BC}.Debug|Any CPU.Build.0 = Debug|Any CPU
		{7AA49D31-A4E5-4223-84D3-19AEE4D908BC}.Debug|Any CPU.Deploy.0 = Debug|Any CPU
		{7AA49D31-A4E5-4223-84D3-19AEE4D908BC}.Release|Any CPU.ActiveCfg = Release|Any CPU
		{7AA49D31-A4E5-4223-84D3-19AEE4D908BC}.Release|Any CPU.Build.0 = Release|Any CPU
		{7AA49D31-A4E5-4223-84D3-19AEE4D908BC}.Release|Any CPU.Deploy.0 = Release|Any CPU
	EndGlobalSection
	GlobalSection(SolutionProperties) = preSolution
		HideSolutionNode = FALSE
	EndGlobalSection
	GlobalSection(ExtensibilityGlobals) = postSolution
		SolutionGuid = {B39BE82A-FAAD-4E43-98B9-986343F630F7}
	EndGlobalSection
EndGlobal
